// !$*UTF8*$!
{
	archiveVersion = 1;
	classes = {
	};
	objectVersion = 77;
	objects = {

/* Begin PBXBuildFile section */
		017B51A28DA27478A57196D1 /* MeteringServiceTests.swift in Sources */ = {isa = PBXBuildFile; fileRef = 5FCC9910F3EE9CD460A38BAB /* MeteringServiceTests.swift */; };
		0A1752AC92B5C0729FF83DE9 /* CaptureSourceDescriptor.swift in Sources */ = {isa = PBXBuildFile; fileRef = A56ADCE7F38F9A7D3D63F9DC /* CaptureSourceDescriptor.swift */; };
		0A7E1EE9896A7CA8DD8DB804 /* AudioFirstModelTests.swift in Sources */ = {isa = PBXBuildFile; fileRef = 5A851608FE2FE1E7C366B90B /* AudioFirstModelTests.swift */; };
		0E7B7E8C716CC853D62ED325 /* RecorderCoordinatorTests.swift in Sources */ = {isa = PBXBuildFile; fileRef = AA9EFFFE5AD66D761FEAC73F /* RecorderCoordinatorTests.swift */; };
		0E8F9E4A896E8A3690B4223A /* SourceLevel.swift in Sources */ = {isa = PBXBuildFile; fileRef = 6FC2406C1D5483DFF81272FE /* SourceLevel.swift */; };
		1CFD216DFA471B72E15187A3 /* InputDevicePicker.swift in Sources */ = {isa = PBXBuildFile; fileRef = 19A1728FF4C21DFEA7C3D31D /* InputDevicePicker.swift */; };
		1FA380E61473295A18AE63C3 /* AudioMixerServiceTests.swift in Sources */ = {isa = PBXBuildFile; fileRef = D19B053F56B98B754D6A0DD2 /* AudioMixerServiceTests.swift */; };
		263B2E99D9CD78EFAB5C209F /* AudioFirstRecorderOrchestrationTests.swift in Sources */ = {isa = PBXBuildFile; fileRef = 56FEFE0A095EB3407C35B4ED /* AudioFirstRecorderOrchestrationTests.swift */; };
		2A7DA41003947B45103068D7 /* PermissionWizardViewModel.swift in Sources */ = {isa = PBXBuildFile; fileRef = D3E88DB6A927C5623DBD597B /* PermissionWizardViewModel.swift */; };
		2FB80BDAB91A267F1777E49A /* EchoRecorderApp.swift in Sources */ = {isa = PBXBuildFile; fileRef = 488484FA5CC27CD71368FA37 /* EchoRecorderApp.swift */; };
		2FED3088D1B76A04EE6A7B47 /* PCMBufferSampleExtractorTests.swift in Sources */ = {isa = PBXBuildFile; fileRef = A05F07121CAA3ECD04D235DD /* PCMBufferSampleExtractorTests.swift */; };
		315BE5131A565C25718C4A3B /* SystemAudioCaptureTests.swift in Sources */ = {isa = PBXBuildFile; fileRef = A2458A486E78EF815C9FA695 /* SystemAudioCaptureTests.swift */; };
		38066617EC4CD689F9A98C48 /* RecordingFinalizerTests.swift in Sources */ = {isa = PBXBuildFile; fileRef = 1C4DE6555B5C4420A0265598 /* RecordingFinalizerTests.swift */; };
		3B33518F3BC35ABCDB49C997 /* PermissionManagerAudioTests.swift in Sources */ = {isa = PBXBuildFile; fileRef = DF513061A47806BE37C7AE0B /* PermissionManagerAudioTests.swift */; };
		3BFE4DD095AC5B3310FF81AD /* AudioGainPipelineTests.swift in Sources */ = {isa = PBXBuildFile; fileRef = 8E980646936FA81D1794D57E /* AudioGainPipelineTests.swift */; };
		3E29486FC472483800ABC9D2 /* PermissionWizardViewModelTests.swift in Sources */ = {isa = PBXBuildFile; fileRef = A9C89E4765DAE45CEB8581B5 /* PermissionWizardViewModelTests.swift */; };
		453F9EEA805CB1B5AA9E0F7D /* SaveLocationService.swift in Sources */ = {isa = PBXBuildFile; fileRef = 50FCBCC2F0155114D9D9D051 /* SaveLocationService.swift */; };
		4C8CA8D6A3C0A3FA45F2ADC7 /* SystemAudioSampleBuffer.swift in Sources */ = {isa = PBXBuildFile; fileRef = 9EAED96A97BE451161047C2A /* SystemAudioSampleBuffer.swift */; };
		52092242D1D061E7500E2500 /* AppSettings.swift in Sources */ = {isa = PBXBuildFile; fileRef = 4208B429E4CEB63796D26F69 /* AppSettings.swift */; };
		58FB1A39714F1D07C842C9F9 /* MicCaptureService.swift in Sources */ = {isa = PBXBuildFile; fileRef = 3693E322A4AF91EF2956C07A /* MicCaptureService.swift */; };
		5DFEAAFBF1582443ABA9B987 /* FinalizeRecordingViewModelTests.swift in Sources */ = {isa = PBXBuildFile; fileRef = C3C9A5346D9C6312D4675DB7 /* FinalizeRecordingViewModelTests.swift */; };
		60CCBEE9269195CA9394214C /* PermissionManager.swift in Sources */ = {isa = PBXBuildFile; fileRef = C249FDD707B02CCE255FBA87 /* PermissionManager.swift */; };
		623366D2CBF5853DBF5196F7 /* Profile.swift in Sources */ = {isa = PBXBuildFile; fileRef = 242021D3CB0AF248D4723CA1 /* Profile.swift */; };
		6332C5D26FD0642AFE9F8B96 /* JSONStoreTests.swift in Sources */ = {isa = PBXBuildFile; fileRef = 90BF879CA37B90964B847B95 /* JSONStoreTests.swift */; };
		67E672F3B3B4660592B66C33 /* RecorderState.swift in Sources */ = {isa = PBXBuildFile; fileRef = 4287D413E46F5724C1594297 /* RecorderState.swift */; };
		6C36DB7FBF168D402DED5C68 /* AudioMixerService.swift in Sources */ = {isa = PBXBuildFile; fileRef = 2757952EC87C44D4BB0AD870 /* AudioMixerService.swift */; };
		6EC30D0F4EFB6509C9B474C8 /* AppDelegate.swift in Sources */ = {isa = PBXBuildFile; fileRef = 6E222748CE964E513FDA31B9 /* AppDelegate.swift */; };
		71AB5C3AB5BCFFBEDB39D3CA /* AudioWriterPipelineTests.swift in Sources */ = {isa = PBXBuildFile; fileRef = 3EB84086FD0BD09B4C3B684B /* AudioWriterPipelineTests.swift */; };
		72D6F053529A8891CE6679AF /* InputDeviceService.swift in Sources */ = {isa = PBXBuildFile; fileRef = CC00BF34646D4BDDF4E4888B /* InputDeviceService.swift */; };
		78A0925C14F1A317D2F88EAB /* RecordingPopoverView.swift in Sources */ = {isa = PBXBuildFile; fileRef = 119614477008C7EF2D9844DC /* RecordingPopoverView.swift */; };
		7D88B0CD62FC6653A2555C41 /* StatusItemController.swift in Sources */ = {isa = PBXBuildFile; fileRef = 7610882E656EEDB651D39D1C /* StatusItemController.swift */; };
		7F60F8511C3B19A5DAAA7A50 /* ScreenCaptureKitAdapter.swift in Sources */ = {isa = PBXBuildFile; fileRef = 8FB532A8DF5DDED00B0E43BF /* ScreenCaptureKitAdapter.swift */; };
		7FD1747B8F2D6E5F6105C359 /* AudioRecordingHarnessTests.swift in Sources */ = {isa = PBXBuildFile; fileRef = 9B88B4718B95D16268668522 /* AudioRecordingHarnessTests.swift */; };
		879FDFC00A09AC447AFF9EDD /* RecordingFinalizer.swift in Sources */ = {isa = PBXBuildFile; fileRef = 5520D029B75CADD26FE8195D /* RecordingFinalizer.swift */; };
		89468174094EC41228F78827 /* JSONStore.swift in Sources */ = {isa = PBXBuildFile; fileRef = 768F9C63216C5D7E8FFF2AE5 /* JSONStore.swift */; };
		8BE1669AAC3650C5E7F25033 /* RecordingViewModelTests.swift in Sources */ = {isa = PBXBuildFile; fileRef = 534DDD957EFE75C498873895 /* RecordingViewModelTests.swift */; };
		911EC288C33CD058DF156446 /* RecordingRuntimeFlowTests.swift in Sources */ = {isa = PBXBuildFile; fileRef = 30C140C3D463D6E799B18EE4 /* RecordingRuntimeFlowTests.swift */; };
		91892A09D6524DF2F932FECB /* RecoveryService.swift in Sources */ = {isa = PBXBuildFile; fileRef = A3564CCD2807A4A6304BF92E /* RecoveryService.swift */; };
		925A5A1C3176D1313B9D7ABC /* MicSampleBuffer.swift in Sources */ = {isa = PBXBuildFile; fileRef = 0F1785BBE0857D6E69EDCD11 /* MicSampleBuffer.swift */; };
		929698DB28F5F3CF17FA9FEA /* FinalizeView.swift in Sources */ = {isa = PBXBuildFile; fileRef = C44475C056C54BA4F91A57B5 /* FinalizeView.swift */; };
		97AFB3332824867FFAF61EC1 /* StatusItemVisualStateTests.swift in Sources */ = {isa = PBXBuildFile; fileRef = 791BA43171EB18312B8FF498 /* StatusItemVisualStateTests.swift */; };
		A1645C88E10ECB6EF9453C71 /* StatusItemVisualState.swift in Sources */ = {isa = PBXBuildFile; fileRef = 4BEDB879DF1BD485AADDAE2E /* StatusItemVisualState.swift */; };
		A693CD7E546707E04BA112C3 /* FileWriterService.swift in Sources */ = {isa = PBXBuildFile; fileRef = 0428543066EEF96D223A7633 /* FileWriterService.swift */; };
		A796DA1411210DB966D42347 /* RecordingAudioData.swift in Sources */ = {isa = PBXBuildFile; fileRef = 947EC3DB590771608A94A3EE /* RecordingAudioData.swift */; };
		A8226BB4123871A676923939 /* RecorderCoordinator.swift in Sources */ = {isa = PBXBuildFile; fileRef = 37F1BF1E13C7084F48A31F21 /* RecorderCoordinator.swift */; };
		B24DD33B05222E2115930133 /* SaveLocationServiceTests.swift in Sources */ = {isa = PBXBuildFile; fileRef = 1A2466813EFC5938346CDADE /* SaveLocationServiceTests.swift */; };
		B74CD5D58F83890B9A15C265 /* MicCaptureServiceTests.swift in Sources */ = {isa = PBXBuildFile; fileRef = E77810D5B3D56DB864CFEC25 /* MicCaptureServiceTests.swift */; };
		BC003E418C2D69081B49A9E4 /* MeteringService.swift in Sources */ = {isa = PBXBuildFile; fileRef = 8D3CB7081EE7972C273CA0E9 /* MeteringService.swift */; };
		CCFDF127F49A1FEDBFC8F7C6 /* RecordingViewModel.swift in Sources */ = {isa = PBXBuildFile; fileRef = 5CF2F94C4BC4ABB07D4007CC /* RecordingViewModel.swift */; };
		D1E0F7FBBB944A65DA7A5C34 /* RecordingManifest.swift in Sources */ = {isa = PBXBuildFile; fileRef = B1BC112390B33B671F3E72E1 /* RecordingManifest.swift */; };
		D231D4DCAD86E40E69069419 /* PCMBufferSampleExtractor.swift in Sources */ = {isa = PBXBuildFile; fileRef = 1EA4B7BB90C34D1A3E9E11E9 /* PCMBufferSampleExtractor.swift */; };
		DA41D8DF6D0BD39E67C40296 /* CaptureServiceContractTests.swift in Sources */ = {isa = PBXBuildFile; fileRef = E3721663DE9ADCB2FD76FF2A /* CaptureServiceContractTests.swift */; };
		E0B9A87DCF08AF2B35C70276 /* LevelMeterView.swift in Sources */ = {isa = PBXBuildFile; fileRef = 5C9029FBCF7D25C43AE5DB8B /* LevelMeterView.swift */; };
		E1E3705F5D131A84085F2083 /* RecoveryServiceTests.swift in Sources */ = {isa = PBXBuildFile; fileRef = 9CF4F92948B0320F624A082F /* RecoveryServiceTests.swift */; };
		E8EFCF5633E45CD06DA9A423 /* MicCaptureTapTests.swift in Sources */ = {isa = PBXBuildFile; fileRef = 4CAB16EBE31508503DB199F1 /* MicCaptureTapTests.swift */; };
		EFA5BDB6BBEBB030A9E9386F /* AudioWriterPipeline.swift in Sources */ = {isa = PBXBuildFile; fileRef = 6007117A197E4FE46194C7A2 /* AudioWriterPipeline.swift */; };
		F6D67DE569A3AF659AFEE6EE /* PermissionType.swift in Sources */ = {isa = PBXBuildFile; fileRef = EF1658A587A12FAE1C94829C /* PermissionType.swift */; };
		F9A3DBD969E4DC67CA905B32 /* CaptureService.swift in Sources */ = {isa = PBXBuildFile; fileRef = 8851DADAFE6272FE4EFF7809 /* CaptureService.swift */; };
		FC256368AE11AF079F074F07 /* RecordingFlowIntegrationTests.swift in Sources */ = {isa = PBXBuildFile; fileRef = 30BD29EA274CFBE5DC5B68EE /* RecordingFlowIntegrationTests.swift */; };
		FC935A91D32434E781B8AC1E /* FinalizeRecordingViewModel.swift in Sources */ = {isa = PBXBuildFile; fileRef = 108D010B580B761ECDDC6574 /* FinalizeRecordingViewModel.swift */; };
		FEED9FB69CE8B3832F1B811F /* AppLaunchTests.swift in Sources */ = {isa = PBXBuildFile; fileRef = C72D594565EE1EF8A830492F /* AppLaunchTests.swift */; };
/* End PBXBuildFile section */

/* Begin PBXContainerItemProxy section */
		42CB5C4C7C73FCFD446CC1BB /* PBXContainerItemProxy */ = {
			isa = PBXContainerItemProxy;
			containerPortal = 53DAC2DA0B3D5C693E7B858B /* Project object */;
			proxyType = 1;
			remoteGlobalIDString = 4D3E8F21D3A0967E033D375C;
			remoteInfo = EchoRecorder;
		};
/* End PBXContainerItemProxy section */

/* Begin PBXFileReference section */
		0428543066EEF96D223A7633 /* FileWriterService.swift */ = {isa = PBXFileReference; lastKnownFileType = sourcecode.swift; path = FileWriterService.swift; sourceTree = "<group>"; };
		0E37629F60AFE4CD703E5305 /* EchoRecorder.app */ = {isa = PBXFileReference; explicitFileType = wrapper.application; includeInIndex = 0; path = EchoRecorder.app; sourceTree = BUILT_PRODUCTS_DIR; };
		0F1785BBE0857D6E69EDCD11 /* MicSampleBuffer.swift */ = {isa = PBXFileReference; lastKnownFileType = sourcecode.swift; path = MicSampleBuffer.swift; sourceTree = "<group>"; };
		108D010B580B761ECDDC6574 /* FinalizeRecordingViewModel.swift */ = {isa = PBXFileReference; lastKnownFileType = sourcecode.swift; path = FinalizeRecordingViewModel.swift; sourceTree = "<group>"; };
		119614477008C7EF2D9844DC /* RecordingPopoverView.swift */ = {isa = PBXFileReference; lastKnownFileType = sourcecode.swift; path = RecordingPopoverView.swift; sourceTree = "<group>"; };
		19A1728FF4C21DFEA7C3D31D /* InputDevicePicker.swift */ = {isa = PBXFileReference; lastKnownFileType = sourcecode.swift; path = InputDevicePicker.swift; sourceTree = "<group>"; };
		1A2466813EFC5938346CDADE /* SaveLocationServiceTests.swift */ = {isa = PBXFileReference; lastKnownFileType = sourcecode.swift; path = SaveLocationServiceTests.swift; sourceTree = "<group>"; };
		1C4DE6555B5C4420A0265598 /* RecordingFinalizerTests.swift */ = {isa = PBXFileReference; lastKnownFileType = sourcecode.swift; path = RecordingFinalizerTests.swift; sourceTree = "<group>"; };
		1EA4B7BB90C34D1A3E9E11E9 /* PCMBufferSampleExtractor.swift */ = {isa = PBXFileReference; lastKnownFileType = sourcecode.swift; path = PCMBufferSampleExtractor.swift; sourceTree = "<group>"; };
		242021D3CB0AF248D4723CA1 /* Profile.swift */ = {isa = PBXFileReference; lastKnownFileType = sourcecode.swift; path = Profile.swift; sourceTree = "<group>"; };
		2757952EC87C44D4BB0AD870 /* AudioMixerService.swift */ = {isa = PBXFileReference; lastKnownFileType = sourcecode.swift; path = AudioMixerService.swift; sourceTree = "<group>"; };
		30BD29EA274CFBE5DC5B68EE /* RecordingFlowIntegrationTests.swift */ = {isa = PBXFileReference; lastKnownFileType = sourcecode.swift; path = RecordingFlowIntegrationTests.swift; sourceTree = "<group>"; };
		30C140C3D463D6E799B18EE4 /* RecordingRuntimeFlowTests.swift */ = {isa = PBXFileReference; lastKnownFileType = sourcecode.swift; path = RecordingRuntimeFlowTests.swift; sourceTree = "<group>"; };
		3693E322A4AF91EF2956C07A /* MicCaptureService.swift */ = {isa = PBXFileReference; lastKnownFileType = sourcecode.swift; path = MicCaptureService.swift; sourceTree = "<group>"; };
		37F1BF1E13C7084F48A31F21 /* RecorderCoordinator.swift */ = {isa = PBXFileReference; lastKnownFileType = sourcecode.swift; path = RecorderCoordinator.swift; sourceTree = "<group>"; };
		3EB84086FD0BD09B4C3B684B /* AudioWriterPipelineTests.swift */ = {isa = PBXFileReference; lastKnownFileType = sourcecode.swift; path = AudioWriterPipelineTests.swift; sourceTree = "<group>"; };
		4208B429E4CEB63796D26F69 /* AppSettings.swift */ = {isa = PBXFileReference; lastKnownFileType = sourcecode.swift; path = AppSettings.swift; sourceTree = "<group>"; };
		4287D413E46F5724C1594297 /* RecorderState.swift */ = {isa = PBXFileReference; lastKnownFileType = sourcecode.swift; path = RecorderState.swift; sourceTree = "<group>"; };
		488484FA5CC27CD71368FA37 /* EchoRecorderApp.swift */ = {isa = PBXFileReference; lastKnownFileType = sourcecode.swift; path = EchoRecorderApp.swift; sourceTree = "<group>"; };
		4BEDB879DF1BD485AADDAE2E /* StatusItemVisualState.swift */ = {isa = PBXFileReference; lastKnownFileType = sourcecode.swift; path = StatusItemVisualState.swift; sourceTree = "<group>"; };
		4CAB16EBE31508503DB199F1 /* MicCaptureTapTests.swift */ = {isa = PBXFileReference; lastKnownFileType = sourcecode.swift; path = MicCaptureTapTests.swift; sourceTree = "<group>"; };
		50FCBCC2F0155114D9D9D051 /* SaveLocationService.swift */ = {isa = PBXFileReference; lastKnownFileType = sourcecode.swift; path = SaveLocationService.swift; sourceTree = "<group>"; };
		534DDD957EFE75C498873895 /* RecordingViewModelTests.swift */ = {isa = PBXFileReference; lastKnownFileType = sourcecode.swift; path = RecordingViewModelTests.swift; sourceTree = "<group>"; };
		5520D029B75CADD26FE8195D /* RecordingFinalizer.swift */ = {isa = PBXFileReference; lastKnownFileType = sourcecode.swift; path = RecordingFinalizer.swift; sourceTree = "<group>"; };
		56FEFE0A095EB3407C35B4ED /* AudioFirstRecorderOrchestrationTests.swift */ = {isa = PBXFileReference; lastKnownFileType = sourcecode.swift; path = AudioFirstRecorderOrchestrationTests.swift; sourceTree = "<group>"; };
		5A851608FE2FE1E7C366B90B /* AudioFirstModelTests.swift */ = {isa = PBXFileReference; lastKnownFileType = sourcecode.swift; path = AudioFirstModelTests.swift; sourceTree = "<group>"; };
		5C9029FBCF7D25C43AE5DB8B /* LevelMeterView.swift */ = {isa = PBXFileReference; lastKnownFileType = sourcecode.swift; path = LevelMeterView.swift; sourceTree = "<group>"; };
		5CF2F94C4BC4ABB07D4007CC /* RecordingViewModel.swift */ = {isa = PBXFileReference; lastKnownFileType = sourcecode.swift; path = RecordingViewModel.swift; sourceTree = "<group>"; };
		5FCC9910F3EE9CD460A38BAB /* MeteringServiceTests.swift */ = {isa = PBXFileReference; lastKnownFileType = sourcecode.swift; path = MeteringServiceTests.swift; sourceTree = "<group>"; };
		6007117A197E4FE46194C7A2 /* AudioWriterPipeline.swift */ = {isa = PBXFileReference; lastKnownFileType = sourcecode.swift; path = AudioWriterPipeline.swift; sourceTree = "<group>"; };
		6E222748CE964E513FDA31B9 /* AppDelegate.swift */ = {isa = PBXFileReference; lastKnownFileType = sourcecode.swift; path = AppDelegate.swift; sourceTree = "<group>"; };
		6FC2406C1D5483DFF81272FE /* SourceLevel.swift */ = {isa = PBXFileReference; lastKnownFileType = sourcecode.swift; path = SourceLevel.swift; sourceTree = "<group>"; };
		7610882E656EEDB651D39D1C /* StatusItemController.swift */ = {isa = PBXFileReference; lastKnownFileType = sourcecode.swift; path = StatusItemController.swift; sourceTree = "<group>"; };
		768F9C63216C5D7E8FFF2AE5 /* JSONStore.swift */ = {isa = PBXFileReference; lastKnownFileType = sourcecode.swift; path = JSONStore.swift; sourceTree = "<group>"; };
		791BA43171EB18312B8FF498 /* StatusItemVisualStateTests.swift */ = {isa = PBXFileReference; lastKnownFileType = sourcecode.swift; path = StatusItemVisualStateTests.swift; sourceTree = "<group>"; };
		8851DADAFE6272FE4EFF7809 /* CaptureService.swift */ = {isa = PBXFileReference; lastKnownFileType = sourcecode.swift; path = CaptureService.swift; sourceTree = "<group>"; };
		8D3CB7081EE7972C273CA0E9 /* MeteringService.swift */ = {isa = PBXFileReference; lastKnownFileType = sourcecode.swift; path = MeteringService.swift; sourceTree = "<group>"; };
		8E980646936FA81D1794D57E /* AudioGainPipelineTests.swift */ = {isa = PBXFileReference; lastKnownFileType = sourcecode.swift; path = AudioGainPipelineTests.swift; sourceTree = "<group>"; };
		8FB532A8DF5DDED00B0E43BF /* ScreenCaptureKitAdapter.swift */ = {isa = PBXFileReference; lastKnownFileType = sourcecode.swift; path = ScreenCaptureKitAdapter.swift; sourceTree = "<group>"; };
		90BF879CA37B90964B847B95 /* JSONStoreTests.swift */ = {isa = PBXFileReference; lastKnownFileType = sourcecode.swift; path = JSONStoreTests.swift; sourceTree = "<group>"; };
		947EC3DB590771608A94A3EE /* RecordingAudioData.swift */ = {isa = PBXFileReference; lastKnownFileType = sourcecode.swift; path = RecordingAudioData.swift; sourceTree = "<group>"; };
		9B88B4718B95D16268668522 /* AudioRecordingHarnessTests.swift */ = {isa = PBXFileReference; lastKnownFileType = sourcecode.swift; path = AudioRecordingHarnessTests.swift; sourceTree = "<group>"; };
		9CF4F92948B0320F624A082F /* RecoveryServiceTests.swift */ = {isa = PBXFileReference; lastKnownFileType = sourcecode.swift; path = RecoveryServiceTests.swift; sourceTree = "<group>"; };
		9EAED96A97BE451161047C2A /* SystemAudioSampleBuffer.swift */ = {isa = PBXFileReference; lastKnownFileType = sourcecode.swift; path = SystemAudioSampleBuffer.swift; sourceTree = "<group>"; };
		A05F07121CAA3ECD04D235DD /* PCMBufferSampleExtractorTests.swift */ = {isa = PBXFileReference; lastKnownFileType = sourcecode.swift; path = PCMBufferSampleExtractorTests.swift; sourceTree = "<group>"; };
		A2458A486E78EF815C9FA695 /* SystemAudioCaptureTests.swift */ = {isa = PBXFileReference; lastKnownFileType = sourcecode.swift; path = SystemAudioCaptureTests.swift; sourceTree = "<group>"; };
		A3564CCD2807A4A6304BF92E /* RecoveryService.swift */ = {isa = PBXFileReference; lastKnownFileType = sourcecode.swift; path = RecoveryService.swift; sourceTree = "<group>"; };
		A56ADCE7F38F9A7D3D63F9DC /* CaptureSourceDescriptor.swift */ = {isa = PBXFileReference; lastKnownFileType = sourcecode.swift; path = CaptureSourceDescriptor.swift; sourceTree = "<group>"; };
		A9C89E4765DAE45CEB8581B5 /* PermissionWizardViewModelTests.swift */ = {isa = PBXFileReference; lastKnownFileType = sourcecode.swift; path = PermissionWizardViewModelTests.swift; sourceTree = "<group>"; };
		AA9EFFFE5AD66D761FEAC73F /* RecorderCoordinatorTests.swift */ = {isa = PBXFileReference; lastKnownFileType = sourcecode.swift; path = RecorderCoordinatorTests.swift; sourceTree = "<group>"; };
		B1BC112390B33B671F3E72E1 /* RecordingManifest.swift */ = {isa = PBXFileReference; lastKnownFileType = sourcecode.swift; path = RecordingManifest.swift; sourceTree = "<group>"; };
		C249FDD707B02CCE255FBA87 /* PermissionManager.swift */ = {isa = PBXFileReference; lastKnownFileType = sourcecode.swift; path = PermissionManager.swift; sourceTree = "<group>"; };
		C3C9A5346D9C6312D4675DB7 /* FinalizeRecordingViewModelTests.swift */ = {isa = PBXFileReference; lastKnownFileType = sourcecode.swift; path = FinalizeRecordingViewModelTests.swift; sourceTree = "<group>"; };
		C44475C056C54BA4F91A57B5 /* FinalizeView.swift */ = {isa = PBXFileReference; lastKnownFileType = sourcecode.swift; path = FinalizeView.swift; sourceTree = "<group>"; };
		C72D594565EE1EF8A830492F /* AppLaunchTests.swift */ = {isa = PBXFileReference; lastKnownFileType = sourcecode.swift; path = AppLaunchTests.swift; sourceTree = "<group>"; };
		CC00BF34646D4BDDF4E4888B /* InputDeviceService.swift */ = {isa = PBXFileReference; lastKnownFileType = sourcecode.swift; path = InputDeviceService.swift; sourceTree = "<group>"; };
		D19B053F56B98B754D6A0DD2 /* AudioMixerServiceTests.swift */ = {isa = PBXFileReference; lastKnownFileType = sourcecode.swift; path = AudioMixerServiceTests.swift; sourceTree = "<group>"; };
		D3E88DB6A927C5623DBD597B /* PermissionWizardViewModel.swift */ = {isa = PBXFileReference; lastKnownFileType = sourcecode.swift; path = PermissionWizardViewModel.swift; sourceTree = "<group>"; };
		DF513061A47806BE37C7AE0B /* PermissionManagerAudioTests.swift */ = {isa = PBXFileReference; lastKnownFileType = sourcecode.swift; path = PermissionManagerAudioTests.swift; sourceTree = "<group>"; };
		E3721663DE9ADCB2FD76FF2A /* CaptureServiceContractTests.swift */ = {isa = PBXFileReference; lastKnownFileType = sourcecode.swift; path = CaptureServiceContractTests.swift; sourceTree = "<group>"; };
		E53E959F1C0CC625E58D40E8 /* EchoRecorderTests.xctest */ = {isa = PBXFileReference; explicitFileType = wrapper.cfbundle; includeInIndex = 0; path = EchoRecorderTests.xctest; sourceTree = BUILT_PRODUCTS_DIR; };
		E77810D5B3D56DB864CFEC25 /* MicCaptureServiceTests.swift */ = {isa = PBXFileReference; lastKnownFileType = sourcecode.swift; path = MicCaptureServiceTests.swift; sourceTree = "<group>"; };
		EF1658A587A12FAE1C94829C /* PermissionType.swift */ = {isa = PBXFileReference; lastKnownFileType = sourcecode.swift; path = PermissionType.swift; sourceTree = "<group>"; };
/* End PBXFileReference section */

/* Begin PBXGroup section */
		09D15E40DE80E55C11A15CA8 /* UI */ = {
			isa = PBXGroup;
			children = (
				30C140C3D463D6E799B18EE4 /* RecordingRuntimeFlowTests.swift */,
				534DDD957EFE75C498873895 /* RecordingViewModelTests.swift */,
				791BA43171EB18312B8FF498 /* StatusItemVisualStateTests.swift */,
			);
			path = UI;
			sourceTree = "<group>";
		};
		0A79DFC220E989B1C3E84331 /* Persistence */ = {
			isa = PBXGroup;
			children = (
				90BF879CA37B90964B847B95 /* JSONStoreTests.swift */,
			);
			path = Persistence;
			sourceTree = "<group>";
		};
		0A802969D17F32EE90F88976 /* Audio */ = {
			isa = PBXGroup;
			children = (
				8E980646936FA81D1794D57E /* AudioGainPipelineTests.swift */,
				D19B053F56B98B754D6A0DD2 /* AudioMixerServiceTests.swift */,
				5FCC9910F3EE9CD460A38BAB /* MeteringServiceTests.swift */,
				E77810D5B3D56DB864CFEC25 /* MicCaptureServiceTests.swift */,
				4CAB16EBE31508503DB199F1 /* MicCaptureTapTests.swift */,
				A05F07121CAA3ECD04D235DD /* PCMBufferSampleExtractorTests.swift */,
			);
			path = Audio;
			sourceTree = "<group>";
		};
		15DC9E6201271B311B3802B9 /* Permissions */ = {
			isa = PBXGroup;
			children = (
				DF513061A47806BE37C7AE0B /* PermissionManagerAudioTests.swift */,
				A9C89E4765DAE45CEB8581B5 /* PermissionWizardViewModelTests.swift */,
			);
			path = Permissions;
			sourceTree = "<group>";
		};
		1D61F40720C491BD9184CB6B /* Smoke */ = {
			isa = PBXGroup;
			children = (
				9B88B4718B95D16268668522 /* AudioRecordingHarnessTests.swift */,
			);
			path = Smoke;
			sourceTree = "<group>";
		};
		20401DCFAA14395EC178C5CA /* Models */ = {
			isa = PBXGroup;
			children = (
				5A851608FE2FE1E7C366B90B /* AudioFirstModelTests.swift */,
			);
			path = Models;
			sourceTree = "<group>";
		};
		21524295057F72D56483970C /* Output */ = {
			isa = PBXGroup;
			children = (
				3EB84086FD0BD09B4C3B684B /* AudioWriterPipelineTests.swift */,
				C3C9A5346D9C6312D4675DB7 /* FinalizeRecordingViewModelTests.swift */,
				1C4DE6555B5C4420A0265598 /* RecordingFinalizerTests.swift */,
			);
			path = Output;
			sourceTree = "<group>";
		};
		2293BBC2EF490041AC63F9A2 /* Integration */ = {
			isa = PBXGroup;
			children = (
				30BD29EA274CFBE5DC5B68EE /* RecordingFlowIntegrationTests.swift */,
			);
			path = Integration;
			sourceTree = "<group>";
		};
		3BA13B30FD408B94391C12CF = {
			isa = PBXGroup;
			children = (
				5BD520613A85FBDFDF4BF43C /* EchoRecorder */,
				54A230BA243EDC9DD1AEAF82 /* EchoRecorderTests */,
				A4FD54CB5A4BB890AB706A59 /* Products */,
			);
			sourceTree = "<group>";
		};
		44986DCFDF5FB75D6459CC6A /* Recording */ = {
			isa = PBXGroup;
			children = (
				56FEFE0A095EB3407C35B4ED /* AudioFirstRecorderOrchestrationTests.swift */,
				AA9EFFFE5AD66D761FEAC73F /* RecorderCoordinatorTests.swift */,
			);
			path = Recording;
			sourceTree = "<group>";
		};
		51BBF301119A76321F286CBE /* Recording */ = {
			isa = PBXGroup;
			children = (
				37F1BF1E13C7084F48A31F21 /* RecorderCoordinator.swift */,
				4287D413E46F5724C1594297 /* RecorderState.swift */,
			);
			path = Recording;
			sourceTree = "<group>";
		};
		54A230BA243EDC9DD1AEAF82 /* EchoRecorderTests */ = {
			isa = PBXGroup;
			children = (
				C72D594565EE1EF8A830492F /* AppLaunchTests.swift */,
				0A802969D17F32EE90F88976 /* Audio */,
				8E03441D93D6F63670943E6D /* Capture */,
				D4398C19D5D80C57513B70C6 /* Core */,
				2293BBC2EF490041AC63F9A2 /* Integration */,
				20401DCFAA14395EC178C5CA /* Models */,
				21524295057F72D56483970C /* Output */,
				15DC9E6201271B311B3802B9 /* Permissions */,
				0A79DFC220E989B1C3E84331 /* Persistence */,
				44986DCFDF5FB75D6459CC6A /* Recording */,
				CC71FC254ECB64379B2CD5B5 /* Recovery */,
				1D61F40720C491BD9184CB6B /* Smoke */,
				09D15E40DE80E55C11A15CA8 /* UI */,
			);
			path = EchoRecorderTests;
			sourceTree = "<group>";
		};
		57926899770DF0C7CB6ADE36 /* Audio */ = {
			isa = PBXGroup;
			children = (
				2757952EC87C44D4BB0AD870 /* AudioMixerService.swift */,
				CC00BF34646D4BDDF4E4888B /* InputDeviceService.swift */,
				8D3CB7081EE7972C273CA0E9 /* MeteringService.swift */,
				3693E322A4AF91EF2956C07A /* MicCaptureService.swift */,
				0F1785BBE0857D6E69EDCD11 /* MicSampleBuffer.swift */,
				1EA4B7BB90C34D1A3E9E11E9 /* PCMBufferSampleExtractor.swift */,
				6FC2406C1D5483DFF81272FE /* SourceLevel.swift */,
			);
			path = Audio;
			sourceTree = "<group>";
		};
		5BD520613A85FBDFDF4BF43C /* EchoRecorder */ = {
			isa = PBXGroup;
			children = (
				88A54854B58A02209CB4FA86 /* App */,
				DB7A2D530295B9284C54885A /* Core */,
				92C40DCE9D5D4F8506B31AD3 /* UI */,
			);
			path = EchoRecorder;
			sourceTree = "<group>";
		};
		80ECFD717B3BEF493799A539 /* Permissions */ = {
			isa = PBXGroup;
			children = (
				C249FDD707B02CCE255FBA87 /* PermissionManager.swift */,
				EF1658A587A12FAE1C94829C /* PermissionType.swift */,
			);
			path = Permissions;
			sourceTree = "<group>";
		};
		879516F5E3598163A5BC79AF /* Models */ = {
			isa = PBXGroup;
			children = (
				4208B429E4CEB63796D26F69 /* AppSettings.swift */,
				242021D3CB0AF248D4723CA1 /* Profile.swift */,
				B1BC112390B33B671F3E72E1 /* RecordingManifest.swift */,
			);
			path = Models;
			sourceTree = "<group>";
		};
		88A54854B58A02209CB4FA86 /* App */ = {
			isa = PBXGroup;
			children = (
				6E222748CE964E513FDA31B9 /* AppDelegate.swift */,
				488484FA5CC27CD71368FA37 /* EchoRecorderApp.swift */,
			);
			path = App;
			sourceTree = "<group>";
		};
		8E03441D93D6F63670943E6D /* Capture */ = {
			isa = PBXGroup;
			children = (
				E3721663DE9ADCB2FD76FF2A /* CaptureServiceContractTests.swift */,
				A2458A486E78EF815C9FA695 /* SystemAudioCaptureTests.swift */,
			);
			path = Capture;
			sourceTree = "<group>";
		};
		8E86D2479C8CA3E31F73000C /* Onboarding */ = {
			isa = PBXGroup;
			children = (
				D3E88DB6A927C5623DBD597B /* PermissionWizardViewModel.swift */,
			);
			path = Onboarding;
			sourceTree = "<group>";
		};
		92C40DCE9D5D4F8506B31AD3 /* UI */ = {
			isa = PBXGroup;
			children = (
				E9912F1792697B2035E6B1CF /* Finalize */,
				B41E4B3B9121A68D3242CC21 /* MenuBar */,
				8E86D2479C8CA3E31F73000C /* Onboarding */,
			);
			path = UI;
			sourceTree = "<group>";
		};
		A4FD54CB5A4BB890AB706A59 /* Products */ = {
			isa = PBXGroup;
			children = (
				0E37629F60AFE4CD703E5305 /* EchoRecorder.app */,
				E53E959F1C0CC625E58D40E8 /* EchoRecorderTests.xctest */,
			);
			name = Products;
			sourceTree = "<group>";
		};
		B41E4B3B9121A68D3242CC21 /* MenuBar */ = {
			isa = PBXGroup;
			children = (
				19A1728FF4C21DFEA7C3D31D /* InputDevicePicker.swift */,
				5C9029FBCF7D25C43AE5DB8B /* LevelMeterView.swift */,
				119614477008C7EF2D9844DC /* RecordingPopoverView.swift */,
				5CF2F94C4BC4ABB07D4007CC /* RecordingViewModel.swift */,
				7610882E656EEDB651D39D1C /* StatusItemController.swift */,
				4BEDB879DF1BD485AADDAE2E /* StatusItemVisualState.swift */,
			);
			path = MenuBar;
			sourceTree = "<group>";
		};
		C4E3F45E8C98768D4754EB63 /* Recovery */ = {
			isa = PBXGroup;
			children = (
				A3564CCD2807A4A6304BF92E /* RecoveryService.swift */,
			);
			path = Recovery;
			sourceTree = "<group>";
		};
		CC71FC254ECB64379B2CD5B5 /* Recovery */ = {
			isa = PBXGroup;
			children = (
				9CF4F92948B0320F624A082F /* RecoveryServiceTests.swift */,
			);
			path = Recovery;
			sourceTree = "<group>";
		};
		D4398C19D5D80C57513B70C6 /* Core */ = {
			isa = PBXGroup;
			children = (
				1A2466813EFC5938346CDADE /* SaveLocationServiceTests.swift */,
			);
			path = Core;
			sourceTree = "<group>";
		};
		D5A709F5C629F646BC69AD04 /* Capture */ = {
			isa = PBXGroup;
			children = (
				8851DADAFE6272FE4EFF7809 /* CaptureService.swift */,
				A56ADCE7F38F9A7D3D63F9DC /* CaptureSourceDescriptor.swift */,
				8FB532A8DF5DDED00B0E43BF /* ScreenCaptureKitAdapter.swift */,
				9EAED96A97BE451161047C2A /* SystemAudioSampleBuffer.swift */,
			);
			path = Capture;
			sourceTree = "<group>";
		};
		DB7A2D530295B9284C54885A /* Core */ = {
			isa = PBXGroup;
			children = (
				57926899770DF0C7CB6ADE36 /* Audio */,
				D5A709F5C629F646BC69AD04 /* Capture */,
				879516F5E3598163A5BC79AF /* Models */,
				E9B45ADAF22CFB806063D785 /* Output */,
				80ECFD717B3BEF493799A539 /* Permissions */,
				EA44F740581BC0CAA9D6BD6A /* Persistence */,
				51BBF301119A76321F286CBE /* Recording */,
				C4E3F45E8C98768D4754EB63 /* Recovery */,
			);
			path = Core;
			sourceTree = "<group>";
		};
		E9912F1792697B2035E6B1CF /* Finalize */ = {
			isa = PBXGroup;
			children = (
				108D010B580B761ECDDC6574 /* FinalizeRecordingViewModel.swift */,
				C44475C056C54BA4F91A57B5 /* FinalizeView.swift */,
			);
			path = Finalize;
			sourceTree = "<group>";
		};
		E9B45ADAF22CFB806063D785 /* Output */ = {
			isa = PBXGroup;
			children = (
				6007117A197E4FE46194C7A2 /* AudioWriterPipeline.swift */,
				0428543066EEF96D223A7633 /* FileWriterService.swift */,
				947EC3DB590771608A94A3EE /* RecordingAudioData.swift */,
				5520D029B75CADD26FE8195D /* RecordingFinalizer.swift */,
			);
			path = Output;
			sourceTree = "<group>";
		};
		EA44F740581BC0CAA9D6BD6A /* Persistence */ = {
			isa = PBXGroup;
			children = (
				768F9C63216C5D7E8FFF2AE5 /* JSONStore.swift */,
				50FCBCC2F0155114D9D9D051 /* SaveLocationService.swift */,
			);
			path = Persistence;
			sourceTree = "<group>";
		};
/* End PBXGroup section */

/* Begin PBXNativeTarget section */
		4D3E8F21D3A0967E033D375C /* EchoRecorder */ = {
			isa = PBXNativeTarget;
			buildConfigurationList = 3857DEECF2095837C2BE73CB /* Build configuration list for PBXNativeTarget "EchoRecorder" */;
			buildPhases = (
				2D027E81329B8FD92B916990 /* Sources */,
			);
			buildRules = (
			);
			dependencies = (
			);
			name = EchoRecorder;
			packageProductDependencies = (
			);
			productName = EchoRecorder;
			productReference = 0E37629F60AFE4CD703E5305 /* EchoRecorder.app */;
			productType = "com.apple.product-type.application";
		};
		6C41F6D9F38053B77BDA0F51 /* EchoRecorderTests */ = {
			isa = PBXNativeTarget;
			buildConfigurationList = 4ADFB557040469E073125251 /* Build configuration list for PBXNativeTarget "EchoRecorderTests" */;
			buildPhases = (
				C06475F4F75D1651F69FCC63 /* Sources */,
			);
			buildRules = (
			);
			dependencies = (
				CC1419244D5F1767FC3CCA57 /* PBXTargetDependency */,
			);
			name = EchoRecorderTests;
			packageProductDependencies = (
			);
			productName = EchoRecorderTests;
			productReference = E53E959F1C0CC625E58D40E8 /* EchoRecorderTests.xctest */;
			productType = "com.apple.product-type.bundle.unit-test";
		};
/* End PBXNativeTarget section */

/* Begin PBXProject section */
		53DAC2DA0B3D5C693E7B858B /* Project object */ = {
			isa = PBXProject;
			attributes = {
				BuildIndependentTargetsInParallel = YES;
				LastUpgradeCheck = 1430;
				TargetAttributes = {
				};
			};
			buildConfigurationList = EEFDD9F759CD06A6341E39C2 /* Build configuration list for PBXProject "EchoRecorder" */;
			developmentRegion = en;
			hasScannedForEncodings = 0;
			knownRegions = (
				Base,
				en,
			);
			mainGroup = 3BA13B30FD408B94391C12CF;
			minimizedProjectReferenceProxies = 1;
			preferredProjectObjectVersion = 77;
			productRefGroup = A4FD54CB5A4BB890AB706A59 /* Products */;
			projectDirPath = "";
			projectRoot = "";
			targets = (
				4D3E8F21D3A0967E033D375C /* EchoRecorder */,
				6C41F6D9F38053B77BDA0F51 /* EchoRecorderTests */,
			);
		};
/* End PBXProject section */

/* Begin PBXSourcesBuildPhase section */
		2D027E81329B8FD92B916990 /* Sources */ = {
			isa = PBXSourcesBuildPhase;
			buildActionMask = 2147483647;
			files = (
				6EC30D0F4EFB6509C9B474C8 /* AppDelegate.swift in Sources */,
				52092242D1D061E7500E2500 /* AppSettings.swift in Sources */,
				6C36DB7FBF168D402DED5C68 /* AudioMixerService.swift in Sources */,
				EFA5BDB6BBEBB030A9E9386F /* AudioWriterPipeline.swift in Sources */,
				F9A3DBD969E4DC67CA905B32 /* CaptureService.swift in Sources */,
				0A1752AC92B5C0729FF83DE9 /* CaptureSourceDescriptor.swift in Sources */,
				2FB80BDAB91A267F1777E49A /* EchoRecorderApp.swift in Sources */,
				A693CD7E546707E04BA112C3 /* FileWriterService.swift in Sources */,
				FC935A91D32434E781B8AC1E /* FinalizeRecordingViewModel.swift in Sources */,
				929698DB28F5F3CF17FA9FEA /* FinalizeView.swift in Sources */,
				1CFD216DFA471B72E15187A3 /* InputDevicePicker.swift in Sources */,
				72D6F053529A8891CE6679AF /* InputDeviceService.swift in Sources */,
				89468174094EC41228F78827 /* JSONStore.swift in Sources */,
				E0B9A87DCF08AF2B35C70276 /* LevelMeterView.swift in Sources */,
				BC003E418C2D69081B49A9E4 /* MeteringService.swift in Sources */,
				58FB1A39714F1D07C842C9F9 /* MicCaptureService.swift in Sources */,
				925A5A1C3176D1313B9D7ABC /* MicSampleBuffer.swift in Sources */,
				D231D4DCAD86E40E69069419 /* PCMBufferSampleExtractor.swift in Sources */,
				60CCBEE9269195CA9394214C /* PermissionManager.swift in Sources */,
				F6D67DE569A3AF659AFEE6EE /* PermissionType.swift in Sources */,
				2A7DA41003947B45103068D7 /* PermissionWizardViewModel.swift in Sources */,
				623366D2CBF5853DBF5196F7 /* Profile.swift in Sources */,
				A8226BB4123871A676923939 /* RecorderCoordinator.swift in Sources */,
				67E672F3B3B4660592B66C33 /* RecorderState.swift in Sources */,
				A796DA1411210DB966D42347 /* RecordingAudioData.swift in Sources */,
				879FDFC00A09AC447AFF9EDD /* RecordingFinalizer.swift in Sources */,
				D1E0F7FBBB944A65DA7A5C34 /* RecordingManifest.swift in Sources */,
				78A0925C14F1A317D2F88EAB /* RecordingPopoverView.swift in Sources */,
				CCFDF127F49A1FEDBFC8F7C6 /* RecordingViewModel.swift in Sources */,
				91892A09D6524DF2F932FECB /* RecoveryService.swift in Sources */,
				453F9EEA805CB1B5AA9E0F7D /* SaveLocationService.swift in Sources */,
				7F60F8511C3B19A5DAAA7A50 /* ScreenCaptureKitAdapter.swift in Sources */,
				0E8F9E4A896E8A3690B4223A /* SourceLevel.swift in Sources */,
				7D88B0CD62FC6653A2555C41 /* StatusItemController.swift in Sources */,
				A1645C88E10ECB6EF9453C71 /* StatusItemVisualState.swift in Sources */,
				4C8CA8D6A3C0A3FA45F2ADC7 /* SystemAudioSampleBuffer.swift in Sources */,
			);
			runOnlyForDeploymentPostprocessing = 0;
		};
		C06475F4F75D1651F69FCC63 /* Sources */ = {
			isa = PBXSourcesBuildPhase;
			buildActionMask = 2147483647;
			files = (
				FEED9FB69CE8B3832F1B811F /* AppLaunchTests.swift in Sources */,
				0A7E1EE9896A7CA8DD8DB804 /* AudioFirstModelTests.swift in Sources */,
				263B2E99D9CD78EFAB5C209F /* AudioFirstRecorderOrchestrationTests.swift in Sources */,
				3BFE4DD095AC5B3310FF81AD /* AudioGainPipelineTests.swift in Sources */,
				1FA380E61473295A18AE63C3 /* AudioMixerServiceTests.swift in Sources */,
				7FD1747B8F2D6E5F6105C359 /* AudioRecordingHarnessTests.swift in Sources */,
				71AB5C3AB5BCFFBEDB39D3CA /* AudioWriterPipelineTests.swift in Sources */,
				DA41D8DF6D0BD39E67C40296 /* CaptureServiceContractTests.swift in Sources */,
				5DFEAAFBF1582443ABA9B987 /* FinalizeRecordingViewModelTests.swift in Sources */,
				6332C5D26FD0642AFE9F8B96 /* JSONStoreTests.swift in Sources */,
				017B51A28DA27478A57196D1 /* MeteringServiceTests.swift in Sources */,
				B74CD5D58F83890B9A15C265 /* MicCaptureServiceTests.swift in Sources */,
				E8EFCF5633E45CD06DA9A423 /* MicCaptureTapTests.swift in Sources */,
				2FED3088D1B76A04EE6A7B47 /* PCMBufferSampleExtractorTests.swift in Sources */,
				3B33518F3BC35ABCDB49C997 /* PermissionManagerAudioTests.swift in Sources */,
				3E29486FC472483800ABC9D2 /* PermissionWizardViewModelTests.swift in Sources */,
				0E7B7E8C716CC853D62ED325 /* RecorderCoordinatorTests.swift in Sources */,
				38066617EC4CD689F9A98C48 /* RecordingFinalizerTests.swift in Sources */,
				FC256368AE11AF079F074F07 /* RecordingFlowIntegrationTests.swift in Sources */,
				911EC288C33CD058DF156446 /* RecordingRuntimeFlowTests.swift in Sources */,
				8BE1669AAC3650C5E7F25033 /* RecordingViewModelTests.swift in Sources */,
				E1E3705F5D131A84085F2083 /* RecoveryServiceTests.swift in Sources */,
				B24DD33B05222E2115930133 /* SaveLocationServiceTests.swift in Sources */,
				97AFB3332824867FFAF61EC1 /* StatusItemVisualStateTests.swift in Sources */,
				315BE5131A565C25718C4A3B /* SystemAudioCaptureTests.swift in Sources */,
			);
			runOnlyForDeploymentPostprocessing = 0;
		};
/* End PBXSourcesBuildPhase section */

/* Begin PBXTargetDependency section */
		CC1419244D5F1767FC3CCA57 /* PBXTargetDependency */ = {
			isa = PBXTargetDependency;
			target = 4D3E8F21D3A0967E033D375C /* EchoRecorder */;
			targetProxy = 42CB5C4C7C73FCFD446CC1BB /* PBXContainerItemProxy */;
		};
/* End PBXTargetDependency section */

/* Begin XCBuildConfiguration section */
		659FDB3D25FD08DE55B8104D /* Release */ = {
			isa = XCBuildConfiguration;
			buildSettings = {
				ASSETCATALOG_COMPILER_APPICON_NAME = AppIcon;
				CODE_SIGNING_ALLOWED = NO;
				COMBINE_HIDPI_IMAGES = YES;
				GENERATE_INFOPLIST_FILE = YES;
				INFOPLIST_KEY_LSUIElement = YES;
				INFOPLIST_KEY_NSMicrophoneUsageDescription = "Echo Recorder needs microphone access to capture your voice during recordings.";
				LD_RUNPATH_SEARCH_PATHS = (
					"$(inherited)",
					"@executable_path/../Frameworks",
				);
				MACOSX_DEPLOYMENT_TARGET = 14.0;
				PRODUCT_BUNDLE_IDENTIFIER = com.echo.recorder.app;
				SDKROOT = macosx;
			};
			name = Release;
		};
		661BA27DE061026F78F5A482 /* Debug */ = {
			isa = XCBuildConfiguration;
			buildSettings = {
				ALWAYS_SEARCH_USER_PATHS = NO;
				CLANG_ANALYZER_NONNULL = YES;
				CLANG_ANALYZER_NUMBER_OBJECT_CONVERSION = YES_AGGRESSIVE;
				CLANG_CXX_LANGUAGE_STANDARD = "gnu++14";
				CLANG_CXX_LIBRARY = "libc++";
				CLANG_ENABLE_MODULES = YES;
				CLANG_ENABLE_OBJC_ARC = YES;
				CLANG_ENABLE_OBJC_WEAK = YES;
				CLANG_WARN_BLOCK_CAPTURE_AUTORELEASING = YES;
				CLANG_WARN_BOOL_CONVERSION = YES;
				CLANG_WARN_COMMA = YES;
				CLANG_WARN_CONSTANT_CONVERSION = YES;
				CLANG_WARN_DEPRECATED_OBJC_IMPLEMENTATIONS = YES;
				CLANG_WARN_DIRECT_OBJC_ISA_USAGE = YES_ERROR;
				CLANG_WARN_DOCUMENTATION_COMMENTS = YES;
				CLANG_WARN_EMPTY_BODY = YES;
				CLANG_WARN_ENUM_CONVERSION = YES;
				CLANG_WARN_INFINITE_RECURSION = YES;
				CLANG_WARN_INT_CONVERSION = YES;
				CLANG_WARN_NON_LITERAL_NULL_CONVERSION = YES;
				CLANG_WARN_OBJC_IMPLICIT_RETAIN_SELF = YES;
				CLANG_WARN_OBJC_LITERAL_CONVERSION = YES;
				CLANG_WARN_OBJC_ROOT_CLASS = YES_ERROR;
				CLANG_WARN_QUOTED_INCLUDE_IN_FRAMEWORK_HEADER = YES;
				CLANG_WARN_RANGE_LOOP_ANALYSIS = YES;
				CLANG_WARN_STRICT_PROTOTYPES = YES;
				CLANG_WARN_SUSPICIOUS_MOVE = YES;
				CLANG_WARN_UNGUARDED_AVAILABILITY = YES_AGGRESSIVE;
				CLANG_WARN_UNREACHABLE_CODE = YES;
				CLANG_WARN__DUPLICATE_METHOD_MATCH = YES;
				COPY_PHASE_STRIP = NO;
				DEBUG_INFORMATION_FORMAT = dwarf;
				ENABLE_STRICT_OBJC_MSGSEND = YES;
				ENABLE_TESTABILITY = YES;
				GCC_C_LANGUAGE_STANDARD = gnu11;
				GCC_DYNAMIC_NO_PIC = NO;
				GCC_NO_COMMON_BLOCKS = YES;
				GCC_OPTIMIZATION_LEVEL = 0;
				GCC_PREPROCESSOR_DEFINITIONS = (
					"$(inherited)",
					"DEBUG=1",
				);
				GCC_WARN_64_TO_32_BIT_CONVERSION = YES;
				GCC_WARN_ABOUT_RETURN_TYPE = YES_ERROR;
				GCC_WARN_UNDECLARED_SELECTOR = YES;
				GCC_WARN_UNINITIALIZED_AUTOS = YES_AGGRESSIVE;
				GCC_WARN_UNUSED_FUNCTION = YES;
				GCC_WARN_UNUSED_VARIABLE = YES;
				MTL_ENABLE_DEBUG_INFO = INCLUDE_SOURCE;
				MTL_FAST_MATH = YES;
				ONLY_ACTIVE_ARCH = YES;
				PRODUCT_NAME = "$(TARGET_NAME)";
				SDKROOT = macosx;
				SWIFT_ACTIVE_COMPILATION_CONDITIONS = DEBUG;
				SWIFT_OPTIMIZATION_LEVEL = "-Onone";
				SWIFT_VERSION = 5.0;
			};
			name = Debug;
		};
		73F74C0693599BE4ACE6C926 /* Debug */ = {
			isa = XCBuildConfiguration;
			buildSettings = {
				ASSETCATALOG_COMPILER_APPICON_NAME = AppIcon;
				CODE_SIGNING_ALLOWED = NO;
				COMBINE_HIDPI_IMAGES = YES;
				GENERATE_INFOPLIST_FILE = YES;
				INFOPLIST_KEY_LSUIElement = YES;
				INFOPLIST_KEY_NSMicrophoneUsageDescription = "Echo Recorder needs microphone access to capture your voice during recordings.";
				LD_RUNPATH_SEARCH_PATHS = (
					"$(inherited)",
					"@executable_path/../Frameworks",
				);
				MACOSX_DEPLOYMENT_TARGET = 14.0;
				PRODUCT_BUNDLE_IDENTIFIER = com.echo.recorder.app;
				SDKROOT = macosx;
			};
			name = Debug;
		};
		843FB777F2804D90068BA0C0 /* Release */ = {
			isa = XCBuildConfiguration;
			buildSettings = {
				BUNDLE_LOADER = "$(TEST_HOST)";
				COMBINE_HIDPI_IMAGES = YES;
				GENERATE_INFOPLIST_FILE = YES;
				LD_RUNPATH_SEARCH_PATHS = (
					"$(inherited)",
					"@executable_path/../Frameworks",
					"@loader_path/../Frameworks",
				);
				MACOSX_DEPLOYMENT_TARGET = 14.0;
				PRODUCT_BUNDLE_IDENTIFIER = com.echo.recorder.EchoRecorderTests;
				SDKROOT = macosx;
				TEST_HOST = "$(BUILT_PRODUCTS_DIR)/EchoRecorder.app/Contents/MacOS/EchoRecorder";
			};
			name = Release;
		};
		9A97AE60DBB83A214A6018DE /* Debug */ = {
			isa = XCBuildConfiguration;
			buildSettings = {
				BUNDLE_LOADER = "$(TEST_HOST)";
				COMBINE_HIDPI_IMAGES = YES;
				GENERATE_INFOPLIST_FILE = YES;
				LD_RUNPATH_SEARCH_PATHS = (
					"$(inherited)",
					"@executable_path/../Frameworks",
					"@loader_path/../Frameworks",
				);
				MACOSX_DEPLOYMENT_TARGET = 14.0;
				PRODUCT_BUNDLE_IDENTIFIER = com.echo.recorder.EchoRecorderTests;
				SDKROOT = macosx;
				TEST_HOST = "$(BUILT_PRODUCTS_DIR)/EchoRecorder.app/Contents/MacOS/EchoRecorder";
			};
			name = Debug;
		};
		AE192463AF6CAE1A98769924 /* Release */ = {
			isa = XCBuildConfiguration;
			buildSettings = {
				ALWAYS_SEARCH_USER_PATHS = NO;
				CLANG_ANALYZER_NONNULL = YES;
				CLANG_ANALYZER_NUMBER_OBJECT_CONVERSION = YES_AGGRESSIVE;
				CLANG_CXX_LANGUAGE_STANDARD = "gnu++14";
				CLANG_CXX_LIBRARY = "libc++";
				CLANG_ENABLE_MODULES = YES;
				CLANG_ENABLE_OBJC_ARC = YES;
				CLANG_ENABLE_OBJC_WEAK = YES;
				CLANG_WARN_BLOCK_CAPTURE_AUTORELEASING = YES;
				CLANG_WARN_BOOL_CONVERSION = YES;
				CLANG_WARN_COMMA = YES;
				CLANG_WARN_CONSTANT_CONVERSION = YES;
				CLANG_WARN_DEPRECATED_OBJC_IMPLEMENTATIONS = YES;
				CLANG_WARN_DIRECT_OBJC_ISA_USAGE = YES_ERROR;
				CLANG_WARN_DOCUMENTATION_COMMENTS = YES;
				CLANG_WARN_EMPTY_BODY = YES;
				CLANG_WARN_ENUM_CONVERSION = YES;
				CLANG_WARN_INFINITE_RECURSION = YES;
				CLANG_WARN_INT_CONVERSION = YES;
				CLANG_WARN_NON_LITERAL_NULL_CONVERSION = YES;
				CLANG_WARN_OBJC_IMPLICIT_RETAIN_SELF = YES;
				CLANG_WARN_OBJC_LITERAL_CONVERSION = YES;
				CLANG_WARN_OBJC_ROOT_CLASS = YES_ERROR;
				CLANG_WARN_QUOTED_INCLUDE_IN_FRAMEWORK_HEADER = YES;
				CLANG_WARN_RANGE_LOOP_ANALYSIS = YES;
				CLANG_WARN_STRICT_PROTOTYPES = YES;
				CLANG_WARN_SUSPICIOUS_MOVE = YES;
				CLANG_WARN_UNGUARDED_AVAILABILITY = YES_AGGRESSIVE;
				CLANG_WARN_UNREACHABLE_CODE = YES;
				CLANG_WARN__DUPLICATE_METHOD_MATCH = YES;
				COPY_PHASE_STRIP = NO;
				DEBUG_INFORMATION_FORMAT = "dwarf-with-dsym";
				ENABLE_NS_ASSERTIONS = NO;
				ENABLE_STRICT_OBJC_MSGSEND = YES;
				GCC_C_LANGUAGE_STANDARD = gnu11;
				GCC_NO_COMMON_BLOCKS = YES;
				GCC_WARN_64_TO_32_BIT_CONVERSION = YES;
				GCC_WARN_ABOUT_RETURN_TYPE = YES_ERROR;
				GCC_WARN_UNDECLARED_SELECTOR = YES;
				GCC_WARN_UNINITIALIZED_AUTOS = YES_AGGRESSIVE;
				GCC_WARN_UNUSED_FUNCTION = YES;
				GCC_WARN_UNUSED_VARIABLE = YES;
				MTL_ENABLE_DEBUG_INFO = NO;
				MTL_FAST_MATH = YES;
				PRODUCT_NAME = "$(TARGET_NAME)";
				SDKROOT = macosx;
				SWIFT_COMPILATION_MODE = wholemodule;
				SWIFT_OPTIMIZATION_LEVEL = "-O";
				SWIFT_VERSION = 5.0;
			};
			name = Release;
		};
/* End XCBuildConfiguration section */

/* Begin XCConfigurationList section */
		3857DEECF2095837C2BE73CB /* Build configuration list for PBXNativeTarget "EchoRecorder" */ = {
			isa = XCConfigurationList;
			buildConfigurations = (
				73F74C0693599BE4ACE6C926 /* Debug */,
				659FDB3D25FD08DE55B8104D /* Release */,
			);
			defaultConfigurationIsVisible = 0;
			defaultConfigurationName = Debug;
		};
		4ADFB557040469E073125251 /* Build configuration list for PBXNativeTarget "EchoRecorderTests" */ = {
			isa = XCConfigurationList;
			buildConfigurations = (
				9A97AE60DBB83A214A6018DE /* Debug */,
				843FB777F2804D90068BA0C0 /* Release */,
			);
			defaultConfigurationIsVisible = 0;
			defaultConfigurationName = Debug;
		};
		EEFDD9F759CD06A6341E39C2 /* Build configuration list for PBXProject "EchoRecorder" */ = {
			isa = XCConfigurationList;
			buildConfigurations = (
				661BA27DE061026F78F5A482 /* Debug */,
				AE192463AF6CAE1A98769924 /* Release */,
			);
			defaultConfigurationIsVisible = 0;
			defaultConfigurationName = Debug;
		};
/* End XCConfigurationList section */
	};
	rootObject = 53DAC2DA0B3D5C693E7B858B /* Project object */;
}
